
Microsoft Visual Studio Solution File, Format Version 12.00
# Visual Studio 15
VisualStudioVersion = 15.0.26228.9
MinimumVisualStudioVersion = 10.0.40219.1
Project("{FAE04EC0-301F-11D3-BF4B-00C04F79EFBC}") = "TelegramBotRedactor", "TelegramBotRedactor\TelegramBotRedactor.csproj", "{22EEDB65-8521-414B-9763-E7F2B2CC7D90}"
EndProject
Project("{FAE04EC0-301F-11D3-BF4B-00C04F79EFBC}") = "TelegramBotLibary", "..\TelegramBotLibary\TelegramBotLibary.csproj", "{8A1A96D2-DB58-4D97-8CAE-B21E70AC92C6}"
EndProject
Global
	GlobalSection(SolutionConfigurationPlatforms) = preSolution
		Debug|Any CPU = Debug|Any CPU
		Release|Any CPU = Release|Any CPU
	EndGlobalSection
	GlobalSection(ProjectConfigurationPlatforms) = postSolution
		{22EEDB65-8521-414B-9763-E7F2B2CC7D90}.Debug|Any CPU.ActiveCfg = Debug|Any CPU
		{22EEDB65-8521-414B-9763-E7F2B2CC7D90}.Debug|Any CPU.Build.0 = Debug|Any CPU
		{22EEDB65-8521-414B-9763-E7F2B2CC7D90}.Release|Any CPU.ActiveCfg = Release|Any CPU
		{22EEDB65-8521-414B-9763-E7F2B2CC7D90}.Release|Any CPU.Build.0 = Release|Any CPU
		{8A1A96D2-DB58-4D97-8CAE-B21E70AC92C6}.Debug|Any CPU.ActiveCfg = Debug|Any CPU
		{8A1A96D2-DB58-4D97-8CAE-B21E70AC92C6}.Debug|Any CPU.Build.0 = Debug|Any CPU
		{8A1A96D2-DB58-4D97-8CAE-B21E70AC92C6}.Release|Any CPU.ActiveCfg = Release|Any CPU
		{8A1A96D2-DB58-4D97-8CAE-B21E70AC92C6}.Release|Any CPU.Build.0 = Release|Any CPU
	EndGlobalSection
	GlobalSection(SolutionProperties) = preSolution
		HideSolutionNode = FALSE
	EndGlobalSection
EndGlobal
